
Microsoft Visual Studio Solution File, Format Version 12.00
Project("{FAE04EC0-301F-11D3-BF4B-00C04F79EFBC}") = "CheruPatchTest", "CheruPatchTest\CheruPatchTest.csproj", "{DE55DA72-C9BA-4473-B084-824D34A39BCC}"
EndProject
Global
	GlobalSection(SolutionConfigurationPlatforms) = preSolution
		Debug|Any CPU = Debug|Any CPU
		Release|Any CPU = Release|Any CPU
	EndGlobalSection
	GlobalSection(ProjectConfigurationPlatforms) = postSolution
		{DE55DA72-C9BA-4473-B084-824D34A39BCC}.Debug|Any CPU.ActiveCfg = Debug|Any CPU
		{DE55DA72-C9BA-4473-B084-824D34A39BCC}.Debug|Any CPU.Build.0 = Debug|Any CPU
		{DE55DA72-C9BA-4473-B084-824D34A39BCC}.Release|Any CPU.ActiveCfg = Release|Any CPU
		{DE55DA72-C9BA-4473-B084-824D34A39BCC}.Release|Any CPU.Build.0 = Release|Any CPU
	EndGlobalSection
EndGlobal
